// !$*UTF8*$!
{
	archiveVersion = 1;
	classes = {
	};
	objectVersion = 56;
	objects = {

/* Begin PBXBuildFile section */
		D571FF4658CD0BEFBCA28199 /* Pods_CDSComponents_Example.framework in Frameworks */ = {isa = PBXBuildFile; fileRef = 1B53F581598B33319C4F3C7A /* Pods_CDSComponents_Example.framework */; };
		DE044BF92C7D63D400368B81 /* CarotaTheme.swift in Sources */ = {isa = PBXBuildFile; fileRef = DE044BF82C7D63D400368B81 /* CarotaTheme.swift */; };
		DE99C1302C570F60006AC24E /* CDSComponentsApp.swift in Sources */ = {isa = PBXBuildFile; fileRef = DE99C12F2C570F60006AC24E /* CDSComponentsApp.swift */; };
		DE99C1322C570F60006AC24E /* ContentView.swift in Sources */ = {isa = PBXBuildFile; fileRef = DE99C1312C570F60006AC24E /* ContentView.swift */; };
		DE99C1342C570F61006AC24E /* Assets.xcassets in Resources */ = {isa = PBXBuildFile; fileRef = DE99C1332C570F61006AC24E /* Assets.xcassets */; };
		DE99C1372C570F61006AC24E /* Preview Assets.xcassets in Resources */ = {isa = PBXBuildFile; fileRef = DE99C1362C570F61006AC24E /* Preview Assets.xcassets */; };
/* End PBXBuildFile section */

/* Begin PBXFileReference section */
		1B53F581598B33319C4F3C7A /* Pods_CDSComponents_Example.framework */ = {isa = PBXFileReference; explicitFileType = wrapper.framework; includeInIndex = 0; path = Pods_CDSComponents_Example.framework; sourceTree = BUILT_PRODUCTS_DIR; };
		AA6237DB7A6B4B1CDAC61352 /* Pods-CDSComponents_Example.debug.xcconfig */ = {isa = PBXFileReference; includeInIndex = 1; lastKnownFileType = text.xcconfig; name = "Pods-CDSComponents_Example.debug.xcconfig"; path = "Target Support Files/Pods-CDSComponents_Example/Pods-CDSComponents_Example.debug.xcconfig"; sourceTree = "<group>"; };
		B4BD8207D38228D9ABBE3F01 /* Pods-CDSComponents_Example.release.xcconfig */ = {isa = PBXFileReference; includeInIndex = 1; lastKnownFileType = text.xcconfig; name = "Pods-CDSComponents_Example.release.xcconfig"; path = "Target Support Files/Pods-CDSComponents_Example/Pods-CDSComponents_Example.release.xcconfig"; sourceTree = "<group>"; };
		DE044BF82C7D63D400368B81 /* CarotaTheme.swift */ = {isa = PBXFileReference; lastKnownFileType = sourcecode.swift; path = CarotaTheme.swift; sourceTree = "<group>"; };
		DE99C12C2C570F60006AC24E /* CDSComponents_Example.app */ = {isa = PBXFileReference; explicitFileType = wrapper.application; includeInIndex = 0; path = CDSComponents_Example.app; sourceTree = BUILT_PRODUCTS_DIR; };
		DE99C12F2C570F60006AC24E /* CDSComponentsApp.swift */ = {isa = PBXFileReference; lastKnownFileType = sourcecode.swift; path = CDSComponentsApp.swift; sourceTree = "<group>"; };
		DE99C1312C570F60006AC24E /* ContentView.swift */ = {isa = PBXFileReference; lastKnownFileType = sourcecode.swift; path = ContentView.swift; sourceTree = "<group>"; };
		DE99C1332C570F61006AC24E /* Assets.xcassets */ = {isa = PBXFileReference; lastKnownFileType = folder.assetcatalog; path = Assets.xcassets; sourceTree = "<group>"; };
		DE99C1362C570F61006AC24E /* Preview Assets.xcassets */ = {isa = PBXFileReference; lastKnownFileType = folder.assetcatalog; path = "Preview Assets.xcassets"; sourceTree = "<group>"; };
/* End PBXFileReference section */

/* Begin PBXFrameworksBuildPhase section */
		DE99C1292C570F60006AC24E /* Frameworks */ = {
			isa = PBXFrameworksBuildPhase;
			buildActionMask = 2147483647;
			files = (
				D571FF4658CD0BEFBCA28199 /* Pods_CDSComponents_Example.framework in Frameworks */,
			);
			runOnlyForDeploymentPostprocessing = 0;
		};
/* End PBXFrameworksBuildPhase section */

/* Begin PBXGroup section */
		C922FA44D7BC604F94DE6F0B /* Pods */ = {
			isa = PBXGroup;
			children = (
				AA6237DB7A6B4B1CDAC61352 /* Pods-CDSComponents_Example.debug.xcconfig */,
				B4BD8207D38228D9ABBE3F01 /* Pods-CDSComponents_Example.release.xcconfig */,
			);
			path = Pods;
			sourceTree = "<group>";
		};
		C9EB13CF92047DB63DF4FD77 /* Frameworks */ = {
			isa = PBXGroup;
			children = (
				1B53F581598B33319C4F3C7A /* Pods_CDSComponents_Example.framework */,
			);
			name = Frameworks;
			sourceTree = "<group>";
		};
		DE044BF72C7D63AC00368B81 /* CarotaTheme */ = {
			isa = PBXGroup;
			children = (
				DE044BF82C7D63D400368B81 /* CarotaTheme.swift */,
			);
			path = CarotaTheme;
			sourceTree = "<group>";
		};
		DE99C1232C570F60006AC24E = {
			isa = PBXGroup;
			children = (
				DE99C12E2C570F60006AC24E /* CDSComponentsExample */,
				DE99C12D2C570F60006AC24E /* Products */,
				C922FA44D7BC604F94DE6F0B /* Pods */,
				C9EB13CF92047DB63DF4FD77 /* Frameworks */,
			);
			sourceTree = "<group>";
		};
		DE99C12D2C570F60006AC24E /* Products */ = {
			isa = PBXGroup;
			children = (
				DE99C12C2C570F60006AC24E /* CDSComponents_Example.app */,
			);
			name = Products;
			sourceTree = "<group>";
		};
		DE99C12E2C570F60006AC24E /* CDSComponentsExample */ = {
			isa = PBXGroup;
			children = (
				DE044BF72C7D63AC00368B81 /* CarotaTheme */,
				DE99C12F2C570F60006AC24E /* CDSComponentsApp.swift */,
				DE99C1312C570F60006AC24E /* ContentView.swift */,
				DE99C1332C570F61006AC24E /* Assets.xcassets */,
				DE99C1352C570F61006AC24E /* Preview Content */,
			);
			path = CDSComponentsExample;
			sourceTree = "<group>";
		};
		DE99C1352C570F61006AC24E /* Preview Content */ = {
			isa = PBXGroup;
			children = (
				DE99C1362C570F61006AC24E /* Preview Assets.xcassets */,
			);
			path = "Preview Content";
			sourceTree = "<group>";
		};
/* End PBXGroup section */

/* Begin PBXNativeTarget section */
		DE99C12B2C570F60006AC24E /* CDSComponents_Example */ = {
			isa = PBXNativeTarget;
			buildConfigurationList = DE99C13A2C570F61006AC24E /* Build configuration list for PBXNativeTarget "CDSComponents_Example" */;
			buildPhases = (
				3027D0952775601CAEA24664 /* [CP] Check Pods Manifest.lock */,
				DE99C1282C570F60006AC24E /* Sources */,
				DE99C1292C570F60006AC24E /* Frameworks */,
				DE99C12A2C570F60006AC24E /* Resources */,
				D28D6BCA401A6F7392929404 /* [CP] Embed Pods Frameworks */,
			);
			buildRules = (
			);
			dependencies = (
			);
			name = CDSComponents_Example;
			productName = CDSComponents;
			productReference = DE99C12C2C570F60006AC24E /* CDSComponents_Example.app */;
			productType = "com.apple.product-type.application";
		};
/* End PBXNativeTarget section */

/* Begin PBXProject section */
		DE99C1242C570F60006AC24E /* Project object */ = {
			isa = PBXProject;
			attributes = {
				BuildIndependentTargetsInParallel = 1;
				LastSwiftUpdateCheck = 1540;
				LastUpgradeCheck = 1540;
				TargetAttributes = {
					DE99C12B2C570F60006AC24E = {
						CreatedOnToolsVersion = 15.4;
					};
				};
			};
			buildConfigurationList = DE99C1272C570F60006AC24E /* Build configuration list for PBXProject "CDSComponents" */;
			compatibilityVersion = "Xcode 14.0";
			developmentRegion = en;
			hasScannedForEncodings = 0;
			knownRegions = (
				en,
				Base,
			);
			mainGroup = DE99C1232C570F60006AC24E;
			productRefGroup = DE99C12D2C570F60006AC24E /* Products */;
			projectDirPath = "";
			projectRoot = "";
			targets = (
				DE99C12B2C570F60006AC24E /* CDSComponents_Example */,
			);
		};
/* End PBXProject section */

/* Begin PBXResourcesBuildPhase section */
		DE99C12A2C570F60006AC24E /* Resources */ = {
			isa = PBXResourcesBuildPhase;
			buildActionMask = 2147483647;
			files = (
				DE99C1372C570F61006AC24E /* Preview Assets.xcassets in Resources */,
				DE99C1342C570F61006AC24E /* Assets.xcassets in Resources */,
			);
			runOnlyForDeploymentPostprocessing = 0;
		};
/* End PBXResourcesBuildPhase section */

/* Begin PBXShellScriptBuildPhase section */
		3027D0952775601CAEA24664 /* [CP] Check Pods Manifest.lock */ = {
			isa = PBXShellScriptBuildPhase;
			buildActionMask = 2147483647;
			files = (
			);
			inputFileListPaths = (
			);
			inputPaths = (
				"${PODS_PODFILE_DIR_PATH}/Podfile.lock",
				"${PODS_ROOT}/Manifest.lock",
			);
			name = "[CP] Check Pods Manifest.lock";
			outputFileListPaths = (
			);
			outputPaths = (
				"$(DERIVED_FILE_DIR)/Pods-CDSComponents_Example-checkManifestLockResult.txt",
			);
			runOnlyForDeploymentPostprocessing = 0;
			shellPath = /bin/sh;
			shellScript = "diff \"${PODS_PODFILE_DIR_PATH}/Podfile.lock\" \"${PODS_ROOT}/Manifest.lock\" > /dev/null\nif [ $? != 0 ] ; then\n    # print error to STDERR\n    echo \"error: The sandbox is not in sync with the Podfile.lock. Run 'pod install' or update your CocoaPods installation.\" >&2\n    exit 1\nfi\n# This output is used by Xcode 'outputs' to avoid re-running this script phase.\necho \"SUCCESS\" > \"${SCRIPT_OUTPUT_FILE_0}\"\n";
			showEnvVarsInLog = 0;
		};
		D28D6BCA401A6F7392929404 /* [CP] Embed Pods Frameworks */ = {
			isa = PBXShellScriptBuildPhase;
			buildActionMask = 2147483647;
			files = (
			);
			inputFileListPaths = (
				"${PODS_ROOT}/Target Support Files/Pods-CDSComponents_Example/Pods-CDSComponents_Example-frameworks-${CONFIGURATION}-input-files.xcfilelist",
			);
			name = "[CP] Embed Pods Frameworks";
			outputFileListPaths = (
				"${PODS_ROOT}/Target Support Files/Pods-CDSComponents_Example/Pods-CDSComponents_Example-frameworks-${CONFIGURATION}-output-files.xcfilelist",
			);
			runOnlyForDeploymentPostprocessing = 0;
			shellPath = /bin/sh;
			shellScript = "\"${PODS_ROOT}/Target Support Files/Pods-CDSComponents_Example/Pods-CDSComponents_Example-frameworks.sh\"\n";
			showEnvVarsInLog = 0;
		};
/* End PBXShellScriptBuildPhase section */

/* Begin PBXSourcesBuildPhase section */
		DE99C1282C570F60006AC24E /* Sources */ = {
			isa = PBXSourcesBuildPhase;
			buildActionMask = 2147483647;
			files = (
				DE99C1322C570F60006AC24E /* ContentView.swift in Sources */,
				DE044BF92C7D63D400368B81 /* CarotaTheme.swift in Sources */,
				DE99C1302C570F60006AC24E /* CDSComponentsApp.swift in Sources */,
			);
			runOnlyForDeploymentPostprocessing = 0;
		};
/* End PBXSourcesBuildPhase section */

/* Begin XCBuildConfiguration section */
		DE99C1382C570F61006AC24E /* Debug */ = {
			isa = XCBuildConfiguration;
			buildSettings = {
				ALWAYS_SEARCH_USER_PATHS = NO;
				ASSETCATALOG_COMPILER_GENERATE_SWIFT_ASSET_SYMBOL_EXTENSIONS = YES;
				CLANG_ANALYZER_NONNULL = YES;
				CLANG_ANALYZER_NUMBER_OBJECT_CONVERSION = YES_AGGRESSIVE;
				CLANG_CXX_LANGUAGE_STANDARD = "gnu++20";
				CLANG_ENABLE_MODULES = YES;
				CLANG_ENABLE_OBJC_ARC = YES;
				CLANG_ENABLE_OBJC_WEAK = YES;
				CLANG_WARN_BLOCK_CAPTURE_AUTORELEASING = YES;
				CLANG_WARN_BOOL_CONVERSION = YES;
				CLANG_WARN_COMMA = YES;
				CLANG_WARN_CONSTANT_CONVERSION = YES;
				CLANG_WARN_DEPRECATED_OBJC_IMPLEMENTATIONS = YES;
				CLANG_WARN_DIRECT_OBJC_ISA_USAGE = YES_ERROR;
				CLANG_WARN_DOCUMENTATION_COMMENTS = YES;
				CLANG_WARN_EMPTY_BODY = YES;
				CLANG_WARN_ENUM_CONVERSION = YES;
				CLANG_WARN_INFINITE_RECURSION = YES;
				CLANG_WARN_INT_CONVERSION = YES;
				CLANG_WARN_NON_LITERAL_NULL_CONVERSION = YES;
				CLANG_WARN_OBJC_IMPLICIT_RETAIN_SELF = YES;
				CLANG_WARN_OBJC_LITERAL_CONVERSION = YES;
				CLANG_WARN_OBJC_ROOT_CLASS = YES_ERROR;
				CLANG_WARN_QUOTED_INCLUDE_IN_FRAMEWORK_HEADER = YES;
				CLANG_WARN_RANGE_LOOP_ANALYSIS = YES;
				CLANG_WARN_STRICT_PROTOTYPES = YES;
				CLANG_WARN_SUSPICIOUS_MOVE = YES;
				CLANG_WARN_UNGUARDED_AVAILABILITY = YES_AGGRESSIVE;
				CLANG_WARN_UNREACHABLE_CODE = YES;
				CLANG_WARN__DUPLICATE_METHOD_MATCH = YES;
				COPY_PHASE_STRIP = NO;
				DEBUG_INFORMATION_FORMAT = dwarf;
				ENABLE_STRICT_OBJC_MSGSEND = YES;
				ENABLE_TESTABILITY = YES;
				ENABLE_USER_SCRIPT_SANDBOXING = YES;
				GCC_C_LANGUAGE_STANDARD = gnu17;
				GCC_DYNAMIC_NO_PIC = NO;
				GCC_NO_COMMON_BLOCKS = YES;
				GCC_OPTIMIZATION_LEVEL = 0;
				GCC_PREPROCESSOR_DEFINITIONS = (
					"DEBUG=1",
					"$(inherited)",
				);
				GCC_WARN_64_TO_32_BIT_CONVERSION = YES;
				GCC_WARN_ABOUT_RETURN_TYPE = YES_ERROR;
				GCC_WARN_UNDECLARED_SELECTOR = YES;
				GCC_WARN_UNINITIALIZED_AUTOS = YES_AGGRESSIVE;
				GCC_WARN_UNUSED_FUNCTION = YES;
				GCC_WARN_UNUSED_VARIABLE = YES;
				IPHONEOS_DEPLOYMENT_TARGET = 17.5;
				LOCALIZATION_PREFERS_STRING_CATALOGS = YES;
				MTL_ENABLE_DEBUG_INFO = INCLUDE_SOURCE;
				MTL_FAST_MATH = YES;
				ONLY_ACTIVE_ARCH = YES;
				SDKROOT = iphoneos;
				SWIFT_ACTIVE_COMPILATION_CONDITIONS = "DEBUG $(inherited)";
				SWIFT_OPTIMIZATION_LEVEL = "-Onone";
			};
			name = Debug;
		};
		DE99C1392C570F61006AC24E /* Release */ = {
			isa = XCBuildConfiguration;
			buildSettings = {
				ALWAYS_SEARCH_USER_PATHS = NO;
				ASSETCATALOG_COMPILER_GENERATE_SWIFT_ASSET_SYMBOL_EXTENSIONS = YES;
				CLANG_ANALYZER_NONNULL = YES;
				CLANG_ANALYZER_NUMBER_OBJECT_CONVERSION = YES_AGGRESSIVE;
				CLANG_CXX_LANGUAGE_STANDARD = "gnu++20";
				CLANG_ENABLE_MODULES = YES;
				CLANG_ENABLE_OBJC_ARC = YES;
				CLANG_ENABLE_OBJC_WEAK = YES;
				CLANG_WARN_BLOCK_CAPTURE_AUTORELEASING = YES;
				CLANG_WARN_BOOL_CONVERSION = YES;
				CLANG_WARN_COMMA = YES;
				CLANG_WARN_CONSTANT_CONVERSION = YES;
				CLANG_WARN_DEPRECATED_OBJC_IMPLEMENTATIONS = YES;
				CLANG_WARN_DIRECT_OBJC_ISA_USAGE = YES_ERROR;
				CLANG_WARN_DOCUMENTATION_COMMENTS = YES;
				CLANG_WARN_EMPTY_BODY = YES;
				CLANG_WARN_ENUM_CONVERSION = YES;
				CLANG_WARN_INFINITE_RECURSION = YES;
				CLANG_WARN_INT_CONVERSION = YES;
				CLANG_WARN_NON_LITERAL_NULL_CONVERSION = YES;
				CLANG_WARN_OBJC_IMPLICIT_RETAIN_SELF = YES;
				CLANG_WARN_OBJC_LITERAL_CONVERSION = YES;
				CLANG_WARN_OBJC_ROOT_CLASS = YES_ERROR;
				CLANG_WARN_QUOTED_INCLUDE_IN_FRAMEWORK_HEADER = YES;
				CLANG_WARN_RANGE_LOOP_ANALYSIS = YES;
				CLANG_WARN_STRICT_PROTOTYPES = YES;
				CLANG_WARN_SUSPICIOUS_MOVE = YES;
				CLANG_WARN_UNGUARDED_AVAILABILITY = YES_AGGRESSIVE;
				CLANG_WARN_UNREACHABLE_CODE = YES;
				CLANG_WARN__DUPLICATE_METHOD_MATCH = YES;
				COPY_PHASE_STRIP = NO;
				DEBUG_INFORMATION_FORMAT = "dwarf-with-dsym";
				ENABLE_NS_ASSERTIONS = NO;
				ENABLE_STRICT_OBJC_MSGSEND = YES;
				ENABLE_USER_SCRIPT_SANDBOXING = YES;
				GCC_C_LANGUAGE_STANDARD = gnu17;
				GCC_NO_COMMON_BLOCKS = YES;
				GCC_WARN_64_TO_32_BIT_CONVERSION = YES;
				GCC_WARN_ABOUT_RETURN_TYPE = YES_ERROR;
				GCC_WARN_UNDECLARED_SELECTOR = YES;
				GCC_WARN_UNINITIALIZED_AUTOS = YES_AGGRESSIVE;
				GCC_WARN_UNUSED_FUNCTION = YES;
				GCC_WARN_UNUSED_VARIABLE = YES;
				IPHONEOS_DEPLOYMENT_TARGET = 17.5;
				LOCALIZATION_PREFERS_STRING_CATALOGS = YES;
				MTL_ENABLE_DEBUG_INFO = NO;
				MTL_FAST_MATH = YES;
				SDKROOT = iphoneos;
				SWIFT_COMPILATION_MODE = wholemodule;
				VALIDATE_PRODUCT = YES;
			};
			name = Release;
		};
		DE99C13B2C570F61006AC24E /* Debug */ = {
			isa = XCBuildConfiguration;
			baseConfigurationReference = AA6237DB7A6B4B1CDAC61352 /* Pods-CDSComponents_Example.debug.xcconfig */;
			buildSettings = {
				ASSETCATALOG_COMPILER_APPICON_NAME = AppIcon;
				ASSETCATALOG_COMPILER_GLOBAL_ACCENT_COLOR_NAME = AccentColor;
				CODE_SIGN_STYLE = Automatic;
				CURRENT_PROJECT_VERSION = 1;
				DEVELOPMENT_ASSET_PATHS = "\"CDSComponentsExample/Preview Content\"";
				DEVELOPMENT_TEAM = VV557L4WY2;
				ENABLE_PREVIEWS = YES;
				ENABLE_USER_SCRIPT_SANDBOXING = NO;
				GENERATE_INFOPLIST_FILE = YES;
				INFOPLIST_KEY_UIApplicationSceneManifest_Generation = YES;
				INFOPLIST_KEY_UIApplicationSupportsIndirectInputEvents = YES;
				INFOPLIST_KEY_UILaunchScreen_Generation = YES;
				INFOPLIST_KEY_UISupportedInterfaceOrientations = "UIInterfaceOrientationLandscapeLeft UIInterfaceOrientationLandscapeRight UIInterfaceOrientationPortrait";
				INFOPLIST_KEY_UISupportedInterfaceOrientations_iPad = "UIInterfaceOrientationLandscapeLeft UIInterfaceOrientationLandscapeRight UIInterfaceOrientationPortrait UIInterfaceOrientationPortraitUpsideDown";
				IPHONEOS_DEPLOYMENT_TARGET = 15.0;
				LD_RUNPATH_SEARCH_PATHS = (
					"$(inherited)",
					"@executable_path/Frameworks",
				);
				MARKETING_VERSION = 1.0;
				PRODUCT_BUNDLE_IDENTIFIER = com.elias.CDSComponents;
				PRODUCT_NAME = "$(TARGET_NAME)";
				SWIFT_EMIT_LOC_STRINGS = YES;
				SWIFT_VERSION = 5.0;
				TARGETED_DEVICE_FAMILY = "1,2";
			};
			name = Debug;
		};
		DE99C13C2C570F61006AC24E /* Release */ = {
			isa = XCBuildConfiguration;
			baseConfigurationReference = B4BD8207D38228D9ABBE3F01 /* Pods-CDSComponents_Example.release.xcconfig */;
			buildSettings = {
				ASSETCATALOG_COMPILER_APPICON_NAME = AppIcon;
				ASSETCATALOG_COMPILER_GLOBAL_ACCENT_COLOR_NAME = AccentColor;
				CODE_SIGN_STYLE = Automatic;
				CURRENT_PROJECT_VERSION = 1;
				DEVELOPMENT_ASSET_PATHS = "\"CDSComponentsExample/Preview Content\"";
				DEVELOPMENT_TEAM = VV557L4WY2;
				ENABLE_PREVIEWS = YES;
				ENABLE_USER_SCRIPT_SANDBOXING = NO;
				GENERATE_INFOPLIST_FILE = YES;
				INFOPLIST_KEY_UIApplicationSceneManifest_Generation = YES;
				INFOPLIST_KEY_UIApplicationSupportsIndirectInputEvents = YES;
				INFOPLIST_KEY_UILaunchScreen_Generation = YES;
				INFOPLIST_KEY_UISupportedInterfaceOrientations = "UIInterfaceOrientationLandscapeLeft UIInterfaceOrientationLandscapeRight UIInterfaceOrientationPortrait";
				INFOPLIST_KEY_UISupportedInterfaceOrientations_iPad = "UIInterfaceOrientationLandscapeLeft UIInterfaceOrientationLandscapeRight UIInterfaceOrientationPortrait UIInterfaceOrientationPortraitUpsideDown";
				IPHONEOS_DEPLOYMENT_TARGET = 15.0;
				LD_RUNPATH_SEARCH_PATHS = (
					"$(inherited)",
					"@executable_path/Frameworks",
				);
				MARKETING_VERSION = 1.0;
				PRODUCT_BUNDLE_IDENTIFIER = com.elias.CDSComponents;
				PRODUCT_NAME = "$(TARGET_NAME)";
				SWIFT_EMIT_LOC_STRINGS = YES;
				SWIFT_VERSION = 5.0;
				TARGETED_DEVICE_FAMILY = "1,2";
			};
			name = Release;
		};
/* End XCBuildConfiguration section */

/* Begin XCConfigurationList section */
		DE99C1272C570F60006AC24E /* Build configuration list for PBXProject "CDSComponents" */ = {
			isa = XCConfigurationList;
			buildConfigurations = (
				DE99C1382C570F61006AC24E /* Debug */,
				DE99C1392C570F61006AC24E /* Release */,
			);
			defaultConfigurationIsVisible = 0;
			defaultConfigurationName = Release;
		};
		DE99C13A2C570F61006AC24E /* Build configuration list for PBXNativeTarget "CDSComponents_Example" */ = {
			isa = XCConfigurationList;
			buildConfigurations = (
				DE99C13B2C570F61006AC24E /* Debug */,
				DE99C13C2C570F61006AC24E /* Release */,
			);
			defaultConfigurationIsVisible = 0;
			defaultConfigurationName = Release;
		};
/* End XCConfigurationList section */
	};
	rootObject = DE99C1242C570F60006AC24E /* Project object */;
}
